// !$*UTF8*$!
{
	archiveVersion = 1;
	classes = {
	};
	objectVersion = 46;
	objects = {

/* Begin PBXBuildFile section */
		29236D291C7E9B5000E9F131 /* Status.swift in Sources */ = {isa = PBXBuildFile; fileRef = 29236D281C7E9B5000E9F131 /* Status.swift */; };
		29236D301C7E9BB500E9F131 /* ExecuteInput.swift in Sources */ = {isa = PBXBuildFile; fileRef = 29236D2F1C7E9BB500E9F131 /* ExecuteInput.swift */; };
		293EE2B01C747CEE0030DFCE /* iSwiftCore.h in Headers */ = {isa = PBXBuildFile; fileRef = 293EE2AF1C747CEE0030DFCE /* iSwiftCore.h */; settings = {ATTRIBUTES = (Public, ); }; };
		293EE2C01C747D810030DFCE /* Kernel.swift in Sources */ = {isa = PBXBuildFile; fileRef = 293EE2BF1C747D810030DFCE /* Kernel.swift */; };
		293EE2D01C747E710030DFCE /* SwiftZMQ.framework in Frameworks */ = {isa = PBXBuildFile; fileRef = 293EE2CB1C747E6C0030DFCE /* SwiftZMQ.framework */; };
		293EE31A1C748F110030DFCE /* Connection.swift in Sources */ = {isa = PBXBuildFile; fileRef = 293EE3191C748F110030DFCE /* Connection.swift */; };
		293EE3241C7499620030DFCE /* CommandLine.framework in Frameworks */ = {isa = PBXBuildFile; fileRef = 293EE3211C74995B0030DFCE /* CommandLine.framework */; };
		29474CFD1C7D7376001471F3 /* Synchronize.swift in Sources */ = {isa = PBXBuildFile; fileRef = 29474CFC1C7D7376001471F3 /* Synchronize.swift */; };
		29474D041C7D780A001471F3 /* Decoder.swift in Sources */ = {isa = PBXBuildFile; fileRef = 29474D031C7D780A001471F3 /* Decoder.swift */; };
		29474D061C7D79E9001471F3 /* Encoder.swift in Sources */ = {isa = PBXBuildFile; fileRef = 29474D051C7D79E9001471F3 /* Encoder.swift */; };
		29474D081C7D7B0A001471F3 /* MessageProcessor.swift in Sources */ = {isa = PBXBuildFile; fileRef = 29474D071C7D7B0A001471F3 /* MessageProcessor.swift */; };
		29474D0A1C7D7ECF001471F3 /* TaskFactory.swift in Sources */ = {isa = PBXBuildFile; fileRef = 29474D091C7D7ECF001471F3 /* TaskFactory.swift */; };
		29792A241C77212B00E1B3D1 /* KernelInfoRequest.swift in Sources */ = {isa = PBXBuildFile; fileRef = 29792A231C77212B00E1B3D1 /* KernelInfoRequest.swift */; };
		29792A261C77215A00E1B3D1 /* KernelInfoReply.swift in Sources */ = {isa = PBXBuildFile; fileRef = 29792A251C77215A00E1B3D1 /* KernelInfoReply.swift */; };
		29792A291C77233E00E1B3D1 /* JSONConvertable.swift in Sources */ = {isa = PBXBuildFile; fileRef = 29792A281C77233E00E1B3D1 /* JSONConvertable.swift */; };
		29792A2B1C7727C300E1B3D1 /* Contentable.swift in Sources */ = {isa = PBXBuildFile; fileRef = 29792A2A1C7727C300E1B3D1 /* Contentable.swift */; };
		29792A2D1C77296800E1B3D1 /* ExecuteRequest.swift in Sources */ = {isa = PBXBuildFile; fileRef = 29792A2C1C77296800E1B3D1 /* ExecuteRequest.swift */; };
		29792A2F1C77298F00E1B3D1 /* ExecuteReply.swift in Sources */ = {isa = PBXBuildFile; fileRef = 29792A2E1C77298F00E1B3D1 /* ExecuteReply.swift */; };
		29792A311C7730F900E1B3D1 /* Message.swift in Sources */ = {isa = PBXBuildFile; fileRef = 29792A301C7730F900E1B3D1 /* Message.swift */; };
		29792A331C77313200E1B3D1 /* Header.swift in Sources */ = {isa = PBXBuildFile; fileRef = 29792A321C77313200E1B3D1 /* Header.swift */; };
		29792A361C7732F100E1B3D1 /* NSDate+String.swift in Sources */ = {isa = PBXBuildFile; fileRef = 29792A351C7732F100E1B3D1 /* NSDate+String.swift */; };
		29792A391C77433100E1B3D1 /* SHA256.swift in Sources */ = {isa = PBXBuildFile; fileRef = 29792A381C77433100E1B3D1 /* SHA256.swift */; };
		29792A3B1C77CCF500E1B3D1 /* HistoryRequest.swift in Sources */ = {isa = PBXBuildFile; fileRef = 29792A3A1C77CCF500E1B3D1 /* HistoryRequest.swift */; };
		29792A3D1C77CFCB00E1B3D1 /* HistoryReply.swift in Sources */ = {isa = PBXBuildFile; fileRef = 29792A3C1C77CFCB00E1B3D1 /* HistoryReply.swift */; };
		29792C5F1C7F05850031FD6E /* ConcurrentArray.swift in Sources */ = {isa = PBXBuildFile; fileRef = 29792C5E1C7F05850031FD6E /* ConcurrentArray.swift */; };
		29944AD51C7DCCD8008A1919 /* NSTask+PTY.swift in Sources */ = {isa = PBXBuildFile; fileRef = 29944AD41C7DCCD8008A1919 /* NSTask+PTY.swift */; };
		29944AD71C7DCEA0008A1919 /* iSwiftCore-Objective-C.h in Headers */ = {isa = PBXBuildFile; fileRef = 29944AD61C7DCE67008A1919 /* iSwiftCore-Objective-C.h */; settings = {ATTRIBUTES = (Public, ); }; };
		29944AD91C7DD010008A1919 /* REPLWrapper.swift in Sources */ = {isa = PBXBuildFile; fileRef = 29944AD81C7DD010008A1919 /* REPLWrapper.swift */; };
		29944ADB1C7DD52E008A1919 /* Regex.swift in Sources */ = {isa = PBXBuildFile; fileRef = 29944ADA1C7DD52E008A1919 /* Regex.swift */; };
		29944ADD1C7E768B008A1919 /* IsCompleteRequest.swift in Sources */ = {isa = PBXBuildFile; fileRef = 29944ADC1C7E768B008A1919 /* IsCompleteRequest.swift */; };
		29944AE01C7E76C2008A1919 /* IsCompleteReply.swift in Sources */ = {isa = PBXBuildFile; fileRef = 29944ADF1C7E76C2008A1919 /* IsCompleteReply.swift */; };
		29944AE21C7E7EBE008A1919 /* Socket+Message.swift in Sources */ = {isa = PBXBuildFile; fileRef = 29944AE11C7E7EBE008A1919 /* Socket+Message.swift */; };
		29944AE41C7E812D008A1919 /* ExecuteResult.swift in Sources */ = {isa = PBXBuildFile; fileRef = 29944AE31C7E812D008A1919 /* ExecuteResult.swift */; };
		29944AEA1C7E92A6008A1919 /* String+Trim.swift in Sources */ = {isa = PBXBuildFile; fileRef = 29944AE91C7E92A6008A1919 /* String+Trim.swift */; };
		29DEEBB11C7C647900C6FEB9 /* SocketIn.swift in Sources */ = {isa = PBXBuildFile; fileRef = 29DEEBB01C7C647900C6FEB9 /* SocketIn.swift */; };
		29DEEBB31C7C648E00C6FEB9 /* SocketOut.swift in Sources */ = {isa = PBXBuildFile; fileRef = 29DEEBB21C7C648E00C6FEB9 /* SocketOut.swift */; };
		29DEEBB51C7D212000C6FEB9 /* Queue.swift in Sources */ = {isa = PBXBuildFile; fileRef = 29DEEBB41C7D212000C6FEB9 /* Queue.swift */; };
/* End PBXBuildFile section */

/* Begin PBXContainerItemProxy section */
		293EE2CA1C747E6C0030DFCE /* PBXContainerItemProxy */ = {
			isa = PBXContainerItemProxy;
			containerPortal = 293EE2C41C747E6C0030DFCE /* SwiftZMQ.xcodeproj */;
			proxyType = 2;
			remoteGlobalIDString = B00ED9E01BD8A2CD00BBBBAE;
			remoteInfo = SwiftZMQ;
		};
		293EE2CC1C747E6C0030DFCE /* PBXContainerItemProxy */ = {
			isa = PBXContainerItemProxy;
			containerPortal = 293EE2C41C747E6C0030DFCE /* SwiftZMQ.xcodeproj */;
			proxyType = 2;
			remoteGlobalIDString = B00ED9EA1BD8A2CD00BBBBAE;
			remoteInfo = SwiftZMQTests;
		};
		293EE2CE1C747E6C0030DFCE /* PBXContainerItemProxy */ = {
			isa = PBXContainerItemProxy;
			containerPortal = 293EE2C41C747E6C0030DFCE /* SwiftZMQ.xcodeproj */;
			proxyType = 2;
			remoteGlobalIDString = 539074071C50484E00E8F9C6;
			remoteInfo = SwiftZMQ_iOS;
		};
		293EE3201C74995B0030DFCE /* PBXContainerItemProxy */ = {
			isa = PBXContainerItemProxy;
			containerPortal = 293EE31B1C74995B0030DFCE /* CommandLine.xcodeproj */;
			proxyType = 2;
			remoteGlobalIDString = 5D06884319674D7D00BBFAAC;
			remoteInfo = CommandLine;
		};
		293EE3221C74995B0030DFCE /* PBXContainerItemProxy */ = {
			isa = PBXContainerItemProxy;
			containerPortal = 293EE31B1C74995B0030DFCE /* CommandLine.xcodeproj */;
			proxyType = 2;
			remoteGlobalIDString = 5D06884E19674D7D00BBFAAC;
			remoteInfo = CommandLineTests;
		};
/* End PBXContainerItemProxy section */

/* Begin PBXFileReference section */
		29236D281C7E9B5000E9F131 /* Status.swift */ = {isa = PBXFileReference; fileEncoding = 4; lastKnownFileType = sourcecode.swift; path = Status.swift; sourceTree = "<group>"; };
		29236D2F1C7E9BB500E9F131 /* ExecuteInput.swift */ = {isa = PBXFileReference; fileEncoding = 4; lastKnownFileType = sourcecode.swift; path = ExecuteInput.swift; sourceTree = "<group>"; };
		293EE2AC1C747CEE0030DFCE /* iSwiftCore.framework */ = {isa = PBXFileReference; explicitFileType = wrapper.framework; includeInIndex = 0; path = iSwiftCore.framework; sourceTree = BUILT_PRODUCTS_DIR; };
		293EE2AF1C747CEE0030DFCE /* iSwiftCore.h */ = {isa = PBXFileReference; lastKnownFileType = sourcecode.c.h; path = iSwiftCore.h; sourceTree = "<group>"; };
		293EE2B11C747CEE0030DFCE /* Info.plist */ = {isa = PBXFileReference; lastKnownFileType = text.plist.xml; path = Info.plist; sourceTree = "<group>"; };
		293EE2BF1C747D810030DFCE /* Kernel.swift */ = {isa = PBXFileReference; fileEncoding = 4; lastKnownFileType = sourcecode.swift; path = Kernel.swift; sourceTree = "<group>"; };
		293EE2C41C747E6C0030DFCE /* SwiftZMQ.xcodeproj */ = {isa = PBXFileReference; lastKnownFileType = "wrapper.pb-project"; name = SwiftZMQ.xcodeproj; path = ../SwiftZMQ/SwiftZMQ.xcodeproj; sourceTree = "<group>"; };
		293EE3191C748F110030DFCE /* Connection.swift */ = {isa = PBXFileReference; fileEncoding = 4; lastKnownFileType = sourcecode.swift; path = Connection.swift; sourceTree = "<group>"; };
		293EE31B1C74995B0030DFCE /* CommandLine.xcodeproj */ = {isa = PBXFileReference; lastKnownFileType = "wrapper.pb-project"; name = CommandLine.xcodeproj; path = ../CommandLine/CommandLine.xcodeproj; sourceTree = "<group>"; };
		29474CFC1C7D7376001471F3 /* Synchronize.swift */ = {isa = PBXFileReference; fileEncoding = 4; lastKnownFileType = sourcecode.swift; path = Synchronize.swift; sourceTree = "<group>"; };
		29474D031C7D780A001471F3 /* Decoder.swift */ = {isa = PBXFileReference; fileEncoding = 4; lastKnownFileType = sourcecode.swift; path = Decoder.swift; sourceTree = "<group>"; };
		29474D051C7D79E9001471F3 /* Encoder.swift */ = {isa = PBXFileReference; fileEncoding = 4; lastKnownFileType = sourcecode.swift; path = Encoder.swift; sourceTree = "<group>"; };
		29474D071C7D7B0A001471F3 /* MessageProcessor.swift */ = {isa = PBXFileReference; fileEncoding = 4; lastKnownFileType = sourcecode.swift; path = MessageProcessor.swift; sourceTree = "<group>"; };
		29474D091C7D7ECF001471F3 /* TaskFactory.swift */ = {isa = PBXFileReference; fileEncoding = 4; lastKnownFileType = sourcecode.swift; path = TaskFactory.swift; sourceTree = "<group>"; };
		29792A231C77212B00E1B3D1 /* KernelInfoRequest.swift */ = {isa = PBXFileReference; fileEncoding = 4; lastKnownFileType = sourcecode.swift; path = KernelInfoRequest.swift; sourceTree = "<group>"; };
		29792A251C77215A00E1B3D1 /* KernelInfoReply.swift */ = {isa = PBXFileReference; fileEncoding = 4; lastKnownFileType = sourcecode.swift; path = KernelInfoReply.swift; sourceTree = "<group>"; };
		29792A281C77233E00E1B3D1 /* JSONConvertable.swift */ = {isa = PBXFileReference; fileEncoding = 4; lastKnownFileType = sourcecode.swift; path = JSONConvertable.swift; sourceTree = "<group>"; };
		29792A2A1C7727C300E1B3D1 /* Contentable.swift */ = {isa = PBXFileReference; fileEncoding = 4; lastKnownFileType = sourcecode.swift; path = Contentable.swift; sourceTree = "<group>"; };
		29792A2C1C77296800E1B3D1 /* ExecuteRequest.swift */ = {isa = PBXFileReference; fileEncoding = 4; lastKnownFileType = sourcecode.swift; path = ExecuteRequest.swift; sourceTree = "<group>"; };
		29792A2E1C77298F00E1B3D1 /* ExecuteReply.swift */ = {isa = PBXFileReference; fileEncoding = 4; lastKnownFileType = sourcecode.swift; path = ExecuteReply.swift; sourceTree = "<group>"; };
		29792A301C7730F900E1B3D1 /* Message.swift */ = {isa = PBXFileReference; fileEncoding = 4; lastKnownFileType = sourcecode.swift; path = Message.swift; sourceTree = "<group>"; };
		29792A321C77313200E1B3D1 /* Header.swift */ = {isa = PBXFileReference; fileEncoding = 4; lastKnownFileType = sourcecode.swift; path = Header.swift; sourceTree = "<group>"; };
		29792A351C7732F100E1B3D1 /* NSDate+String.swift */ = {isa = PBXFileReference; fileEncoding = 4; lastKnownFileType = sourcecode.swift; path = "NSDate+String.swift"; sourceTree = "<group>"; };
		29792A371C77427B00E1B3D1 /* module.modulemap */ = {isa = PBXFileReference; fileEncoding = 4; lastKnownFileType = "sourcecode.module-map"; path = module.modulemap; sourceTree = "<group>"; };
		29792A381C77433100E1B3D1 /* SHA256.swift */ = {isa = PBXFileReference; fileEncoding = 4; lastKnownFileType = sourcecode.swift; path = SHA256.swift; sourceTree = "<group>"; };
		29792A3A1C77CCF500E1B3D1 /* HistoryRequest.swift */ = {isa = PBXFileReference; fileEncoding = 4; lastKnownFileType = sourcecode.swift; path = HistoryRequest.swift; sourceTree = "<group>"; };
		29792A3C1C77CFCB00E1B3D1 /* HistoryReply.swift */ = {isa = PBXFileReference; fileEncoding = 4; lastKnownFileType = sourcecode.swift; path = HistoryReply.swift; sourceTree = "<group>"; };
		29792C5E1C7F05850031FD6E /* ConcurrentArray.swift */ = {isa = PBXFileReference; fileEncoding = 4; lastKnownFileType = sourcecode.swift; path = ConcurrentArray.swift; sourceTree = "<group>"; };
		29944AD41C7DCCD8008A1919 /* NSTask+PTY.swift */ = {isa = PBXFileReference; fileEncoding = 4; lastKnownFileType = sourcecode.swift; path = "NSTask+PTY.swift"; sourceTree = "<group>"; };
		29944AD61C7DCE67008A1919 /* iSwiftCore-Objective-C.h */ = {isa = PBXFileReference; lastKnownFileType = sourcecode.c.h; path = "iSwiftCore-Objective-C.h"; sourceTree = "<group>"; };
		29944AD81C7DD010008A1919 /* REPLWrapper.swift */ = {isa = PBXFileReference; fileEncoding = 4; lastKnownFileType = sourcecode.swift; path = REPLWrapper.swift; sourceTree = "<group>"; };
		29944ADA1C7DD52E008A1919 /* Regex.swift */ = {isa = PBXFileReference; fileEncoding = 4; lastKnownFileType = sourcecode.swift; path = Regex.swift; sourceTree = "<group>"; };
		29944ADC1C7E768B008A1919 /* IsCompleteRequest.swift */ = {isa = PBXFileReference; fileEncoding = 4; lastKnownFileType = sourcecode.swift; path = IsCompleteRequest.swift; sourceTree = "<group>"; };
		29944ADF1C7E76C2008A1919 /* IsCompleteReply.swift */ = {isa = PBXFileReference; fileEncoding = 4; lastKnownFileType = sourcecode.swift; path = IsCompleteReply.swift; sourceTree = "<group>"; };
		29944AE11C7E7EBE008A1919 /* Socket+Message.swift */ = {isa = PBXFileReference; fileEncoding = 4; lastKnownFileType = sourcecode.swift; path = "Socket+Message.swift"; sourceTree = "<group>"; };
		29944AE31C7E812D008A1919 /* ExecuteResult.swift */ = {isa = PBXFileReference; fileEncoding = 4; lastKnownFileType = sourcecode.swift; path = ExecuteResult.swift; sourceTree = "<group>"; };
		29944AE91C7E92A6008A1919 /* String+Trim.swift */ = {isa = PBXFileReference; fileEncoding = 4; lastKnownFileType = sourcecode.swift; path = "String+Trim.swift"; sourceTree = "<group>"; };
		29DEEBB01C7C647900C6FEB9 /* SocketIn.swift */ = {isa = PBXFileReference; fileEncoding = 4; lastKnownFileType = sourcecode.swift; name = SocketIn.swift; path = "Network Layer/SocketIn.swift"; sourceTree = "<group>"; };
		29DEEBB21C7C648E00C6FEB9 /* SocketOut.swift */ = {isa = PBXFileReference; fileEncoding = 4; lastKnownFileType = sourcecode.swift; path = SocketOut.swift; sourceTree = "<group>"; };
		29DEEBB41C7D212000C6FEB9 /* Queue.swift */ = {isa = PBXFileReference; fileEncoding = 4; lastKnownFileType = sourcecode.swift; path = Queue.swift; sourceTree = "<group>"; };
/* End PBXFileReference section */

/* Begin PBXFrameworksBuildPhase section */
		293EE2A81C747CEE0030DFCE /* Frameworks */ = {
			isa = PBXFrameworksBuildPhase;
			buildActionMask = 2147483647;
			files = (
				293EE3241C7499620030DFCE /* CommandLine.framework in Frameworks */,
				293EE2D01C747E710030DFCE /* SwiftZMQ.framework in Frameworks */,
			);
			runOnlyForDeploymentPostprocessing = 0;
		};
/* End PBXFrameworksBuildPhase section */

/* Begin PBXGroup section */
		293EE2A21C747CEE0030DFCE = {
			isa = PBXGroup;
			children = (
				293EE2C31C747E620030DFCE /* Frameworks */,
				293EE2AE1C747CEE0030DFCE /* iSwiftCore */,
				293EE2AD1C747CEE0030DFCE /* Products */,
			);
			sourceTree = "<group>";
		};
		293EE2AD1C747CEE0030DFCE /* Products */ = {
			isa = PBXGroup;
			children = (
				293EE2AC1C747CEE0030DFCE /* iSwiftCore.framework */,
			);
			name = Products;
			sourceTree = "<group>";
		};
		293EE2AE1C747CEE0030DFCE /* iSwiftCore */ = {
			isa = PBXGroup;
			children = (
				29944ACE1C7DCCC6008A1919 /* Pty */,
				29DEEBAF1C7C634200C6FEB9 /* Utilities */,
				29DEEBA61C7C630400C6FEB9 /* Network Layer */,
				29DEEBAC1C7C631700C6FEB9 /* Authentication Layer */,
				29DEEBAD1C7C632400C6FEB9 /* Message Layer */,
				29792A341C7732E500E1B3D1 /* Helpers */,
				29792A271C77230400E1B3D1 /* Protocols */,
				29792A1D1C7720CA00E1B3D1 /* Messages */,
				293EE2AF1C747CEE0030DFCE /* iSwiftCore.h */,
				293EE2B11C747CEE0030DFCE /* Info.plist */,
				293EE2BF1C747D810030DFCE /* Kernel.swift */,
				293EE3191C748F110030DFCE /* Connection.swift */,
				29792A371C77427B00E1B3D1 /* module.modulemap */,
			);
			path = iSwiftCore;
			sourceTree = "<group>";
		};
		293EE2C31C747E620030DFCE /* Frameworks */ = {
			isa = PBXGroup;
			children = (
				293EE31B1C74995B0030DFCE /* CommandLine.xcodeproj */,
				293EE2C41C747E6C0030DFCE /* SwiftZMQ.xcodeproj */,
			);
			name = Frameworks;
			sourceTree = "<group>";
		};
		293EE2C51C747E6C0030DFCE /* Products */ = {
			isa = PBXGroup;
			children = (
				293EE2CB1C747E6C0030DFCE /* SwiftZMQ.framework */,
				293EE2CD1C747E6C0030DFCE /* SwiftZMQTests.xctest */,
				293EE2CF1C747E6C0030DFCE /* SwiftZMQ_iOS.framework */,
			);
			name = Products;
			sourceTree = "<group>";
		};
		293EE31C1C74995B0030DFCE /* Products */ = {
			isa = PBXGroup;
			children = (
				293EE3211C74995B0030DFCE /* CommandLine.framework */,
				293EE3231C74995B0030DFCE /* CommandLineTests.xctest */,
			);
			name = Products;
			sourceTree = "<group>";
		};
		29792A1D1C7720CA00E1B3D1 /* Messages */ = {
			isa = PBXGroup;
			children = (
				29792A231C77212B00E1B3D1 /* KernelInfoRequest.swift */,
				29792A251C77215A00E1B3D1 /* KernelInfoReply.swift */,
				29792A2C1C77296800E1B3D1 /* ExecuteRequest.swift */,
				29792A2E1C77298F00E1B3D1 /* ExecuteReply.swift */,
				29792A301C7730F900E1B3D1 /* Message.swift */,
				29792A321C77313200E1B3D1 /* Header.swift */,
				29792A3A1C77CCF500E1B3D1 /* HistoryRequest.swift */,
				29792A3C1C77CFCB00E1B3D1 /* HistoryReply.swift */,
				29944ADC1C7E768B008A1919 /* IsCompleteRequest.swift */,
				29944ADF1C7E76C2008A1919 /* IsCompleteReply.swift */,
				29944AE31C7E812D008A1919 /* ExecuteResult.swift */,
				29236D281C7E9B5000E9F131 /* Status.swift */,
				29236D2F1C7E9BB500E9F131 /* ExecuteInput.swift */,
			);
			name = Messages;
			sourceTree = "<group>";
		};
		29792A271C77230400E1B3D1 /* Protocols */ = {
			isa = PBXGroup;
			children = (
				29792A281C77233E00E1B3D1 /* JSONConvertable.swift */,
				29792A2A1C7727C300E1B3D1 /* Contentable.swift */,
			);
			name = Protocols;
			sourceTree = "<group>";
		};
		29792A341C7732E500E1B3D1 /* Helpers */ = {
			isa = PBXGroup;
			children = (
				29944AE91C7E92A6008A1919 /* String+Trim.swift */,
				29792A351C7732F100E1B3D1 /* NSDate+String.swift */,
				29792A381C77433100E1B3D1 /* SHA256.swift */,
				29944AE11C7E7EBE008A1919 /* Socket+Message.swift */,
			);
			name = Helpers;
			sourceTree = "<group>";
		};
		29944ACE1C7DCCC6008A1919 /* Pty */ = {
			isa = PBXGroup;
			children = (
				29944AD41C7DCCD8008A1919 /* NSTask+PTY.swift */,
				29944AD61C7DCE67008A1919 /* iSwiftCore-Objective-C.h */,
				29944AD81C7DD010008A1919 /* REPLWrapper.swift */,
			);
			name = Pty;
			sourceTree = "<group>";
		};
		29DEEBA61C7C630400C6FEB9 /* Network Layer */ = {
			isa = PBXGroup;
			children = (
				29DEEBB01C7C647900C6FEB9 /* SocketIn.swift */,
				29DEEBB21C7C648E00C6FEB9 /* SocketOut.swift */,
			);
			name = "Network Layer";
			sourceTree = "<group>";
		};
		29DEEBAC1C7C631700C6FEB9 /* Authentication Layer */ = {
			isa = PBXGroup;
			children = (
				29474D031C7D780A001471F3 /* Decoder.swift */,
				29474D051C7D79E9001471F3 /* Encoder.swift */,
			);
			name = "Authentication Layer";
			sourceTree = "<group>";
		};
		29DEEBAD1C7C632400C6FEB9 /* Message Layer */ = {
			isa = PBXGroup;
			children = (
				29474D071C7D7B0A001471F3 /* MessageProcessor.swift */,
			);
			name = "Message Layer";
			sourceTree = "<group>";
		};
		29DEEBAF1C7C634200C6FEB9 /* Utilities */ = {
			isa = PBXGroup;
			children = (
				29DEEBB41C7D212000C6FEB9 /* Queue.swift */,
				29474CFC1C7D7376001471F3 /* Synchronize.swift */,
				29474D091C7D7ECF001471F3 /* TaskFactory.swift */,
				29944ADA1C7DD52E008A1919 /* Regex.swift */,
				29792C5E1C7F05850031FD6E /* ConcurrentArray.swift */,
			);
			name = Utilities;
			sourceTree = "<group>";
		};
/* End PBXGroup section */

/* Begin PBXHeadersBuildPhase section */
		293EE2A91C747CEE0030DFCE /* Headers */ = {
			isa = PBXHeadersBuildPhase;
			buildActionMask = 2147483647;
			files = (
				293EE2B01C747CEE0030DFCE /* iSwiftCore.h in Headers */,
				29944AD71C7DCEA0008A1919 /* iSwiftCore-Objective-C.h in Headers */,
			);
			runOnlyForDeploymentPostprocessing = 0;
		};
/* End PBXHeadersBuildPhase section */

/* Begin PBXNativeTarget section */
		293EE2AB1C747CEE0030DFCE /* iSwiftCore */ = {
			isa = PBXNativeTarget;
			buildConfigurationList = 293EE2B41C747CEE0030DFCE /* Build configuration list for PBXNativeTarget "iSwiftCore" */;
			buildPhases = (
				293EE2A71C747CEE0030DFCE /* Sources */,
				293EE2A81C747CEE0030DFCE /* Frameworks */,
				293EE2A91C747CEE0030DFCE /* Headers */,
				293EE2AA1C747CEE0030DFCE /* Resources */,
			);
			buildRules = (
			);
			dependencies = (
			);
			name = iSwiftCore;
			productName = iSwiftCore;
			productReference = 293EE2AC1C747CEE0030DFCE /* iSwiftCore.framework */;
			productType = "com.apple.product-type.framework";
		};
/* End PBXNativeTarget section */

/* Begin PBXProject section */
		293EE2A31C747CEE0030DFCE /* Project object */ = {
			isa = PBXProject;
			attributes = {
				LastUpgradeCheck = 0720;
				ORGANIZATIONNAME = Uthoft;
				TargetAttributes = {
					293EE2AB1C747CEE0030DFCE = {
						CreatedOnToolsVersion = 7.2;
					};
				};
			};
			buildConfigurationList = 293EE2A61C747CEE0030DFCE /* Build configuration list for PBXProject "iSwiftCore" */;
			compatibilityVersion = "Xcode 3.2";
			developmentRegion = English;
			hasScannedForEncodings = 0;
			knownRegions = (
				en,
			);
			mainGroup = 293EE2A21C747CEE0030DFCE;
			productRefGroup = 293EE2AD1C747CEE0030DFCE /* Products */;
			projectDirPath = "";
			projectReferences = (
				{
					ProductGroup = 293EE31C1C74995B0030DFCE /* Products */;
					ProjectRef = 293EE31B1C74995B0030DFCE /* CommandLine.xcodeproj */;
				},
				{
					ProductGroup = 293EE2C51C747E6C0030DFCE /* Products */;
					ProjectRef = 293EE2C41C747E6C0030DFCE /* SwiftZMQ.xcodeproj */;
				},
			);
			projectRoot = "";
			targets = (
				293EE2AB1C747CEE0030DFCE /* iSwiftCore */,
			);
		};
/* End PBXProject section */

/* Begin PBXReferenceProxy section */
		293EE2CB1C747E6C0030DFCE /* SwiftZMQ.framework */ = {
			isa = PBXReferenceProxy;
			fileType = wrapper.framework;
			path = SwiftZMQ.framework;
			remoteRef = 293EE2CA1C747E6C0030DFCE /* PBXContainerItemProxy */;
			sourceTree = BUILT_PRODUCTS_DIR;
		};
		293EE2CD1C747E6C0030DFCE /* SwiftZMQTests.xctest */ = {
			isa = PBXReferenceProxy;
			fileType = wrapper.cfbundle;
			path = SwiftZMQTests.xctest;
			remoteRef = 293EE2CC1C747E6C0030DFCE /* PBXContainerItemProxy */;
			sourceTree = BUILT_PRODUCTS_DIR;
		};
		293EE2CF1C747E6C0030DFCE /* SwiftZMQ_iOS.framework */ = {
			isa = PBXReferenceProxy;
			fileType = wrapper.framework;
			path = SwiftZMQ_iOS.framework;
			remoteRef = 293EE2CE1C747E6C0030DFCE /* PBXContainerItemProxy */;
			sourceTree = BUILT_PRODUCTS_DIR;
		};
		293EE3211C74995B0030DFCE /* CommandLine.framework */ = {
			isa = PBXReferenceProxy;
			fileType = wrapper.framework;
			path = CommandLine.framework;
			remoteRef = 293EE3201C74995B0030DFCE /* PBXContainerItemProxy */;
			sourceTree = BUILT_PRODUCTS_DIR;
		};
		293EE3231C74995B0030DFCE /* CommandLineTests.xctest */ = {
			isa = PBXReferenceProxy;
			fileType = wrapper.cfbundle;
			path = CommandLineTests.xctest;
			remoteRef = 293EE3221C74995B0030DFCE /* PBXContainerItemProxy */;
			sourceTree = BUILT_PRODUCTS_DIR;
		};
/* End PBXReferenceProxy section */

/* Begin PBXResourcesBuildPhase section */
		293EE2AA1C747CEE0030DFCE /* Resources */ = {
			isa = PBXResourcesBuildPhase;
			buildActionMask = 2147483647;
			files = (
			);
			runOnlyForDeploymentPostprocessing = 0;
		};
/* End PBXResourcesBuildPhase section */

/* Begin PBXSourcesBuildPhase section */
		293EE2A71C747CEE0030DFCE /* Sources */ = {
			isa = PBXSourcesBuildPhase;
			buildActionMask = 2147483647;
			files = (
				29944AE41C7E812D008A1919 /* ExecuteResult.swift in Sources */,
				29474D081C7D7B0A001471F3 /* MessageProcessor.swift in Sources */,
				29792A331C77313200E1B3D1 /* Header.swift in Sources */,
				29792A241C77212B00E1B3D1 /* KernelInfoRequest.swift in Sources */,
				29792A2D1C77296800E1B3D1 /* ExecuteRequest.swift in Sources */,
				29474D041C7D780A001471F3 /* Decoder.swift in Sources */,
				29944AE01C7E76C2008A1919 /* IsCompleteReply.swift in Sources */,
				29792A3B1C77CCF500E1B3D1 /* HistoryRequest.swift in Sources */,
				29944AEA1C7E92A6008A1919 /* String+Trim.swift in Sources */,
				29944ADD1C7E768B008A1919 /* IsCompleteRequest.swift in Sources */,
				29944AD51C7DCCD8008A1919 /* NSTask+PTY.swift in Sources */,
				29792A291C77233E00E1B3D1 /* JSONConvertable.swift in Sources */,
				29792A3D1C77CFCB00E1B3D1 /* HistoryReply.swift in Sources */,
				29792C5F1C7F05850031FD6E /* ConcurrentArray.swift in Sources */,
				29792A311C7730F900E1B3D1 /* Message.swift in Sources */,
				29944AE21C7E7EBE008A1919 /* Socket+Message.swift in Sources */,
				29792A261C77215A00E1B3D1 /* KernelInfoReply.swift in Sources */,
				29236D301C7E9BB500E9F131 /* ExecuteInput.swift in Sources */,
				29792A2F1C77298F00E1B3D1 /* ExecuteReply.swift in Sources */,
				29792A361C7732F100E1B3D1 /* NSDate+String.swift in Sources */,
				29792A391C77433100E1B3D1 /* SHA256.swift in Sources */,
				29474D061C7D79E9001471F3 /* Encoder.swift in Sources */,
				29DEEBB31C7C648E00C6FEB9 /* SocketOut.swift in Sources */,
				29944AD91C7DD010008A1919 /* REPLWrapper.swift in Sources */,
				29474D0A1C7D7ECF001471F3 /* TaskFactory.swift in Sources */,
				29DEEBB11C7C647900C6FEB9 /* SocketIn.swift in Sources */,
				293EE2C01C747D810030DFCE /* Kernel.swift in Sources */,
				29DEEBB51C7D212000C6FEB9 /* Queue.swift in Sources */,
				29944ADB1C7DD52E008A1919 /* Regex.swift in Sources */,
				293EE31A1C748F110030DFCE /* Connection.swift in Sources */,
				29474CFD1C7D7376001471F3 /* Synchronize.swift in Sources */,
				29236D291C7E9B5000E9F131 /* Status.swift in Sources */,
				29792A2B1C7727C300E1B3D1 /* Contentable.swift in Sources */,
			);
			runOnlyForDeploymentPostprocessing = 0;
		};
/* End PBXSourcesBuildPhase section */

/* Begin XCBuildConfiguration section */
		293EE2B21C747CEE0030DFCE /* Debug */ = {
			isa = XCBuildConfiguration;
			buildSettings = {
				ALWAYS_SEARCH_USER_PATHS = NO;
				CLANG_CXX_LANGUAGE_STANDARD = "gnu++0x";
				CLANG_CXX_LIBRARY = "libc++";
				CLANG_ENABLE_MODULES = YES;
				CLANG_ENABLE_OBJC_ARC = YES;
				CLANG_WARN_BOOL_CONVERSION = YES;
				CLANG_WARN_CONSTANT_CONVERSION = YES;
				CLANG_WARN_DIRECT_OBJC_ISA_USAGE = YES_ERROR;
				CLANG_WARN_EMPTY_BODY = YES;
				CLANG_WARN_ENUM_CONVERSION = YES;
				CLANG_WARN_INT_CONVERSION = YES;
				CLANG_WARN_OBJC_ROOT_CLASS = YES_ERROR;
				CLANG_WARN_UNREACHABLE_CODE = YES;
				CLANG_WARN__DUPLICATE_METHOD_MATCH = YES;
				CODE_SIGN_IDENTITY = "-";
				COPY_PHASE_STRIP = NO;
				CURRENT_PROJECT_VERSION = 1;
				DEBUG_INFORMATION_FORMAT = dwarf;
				ENABLE_STRICT_OBJC_MSGSEND = YES;
				ENABLE_TESTABILITY = YES;
				GCC_C_LANGUAGE_STANDARD = gnu99;
				GCC_DYNAMIC_NO_PIC = NO;
				GCC_NO_COMMON_BLOCKS = YES;
				GCC_OPTIMIZATION_LEVEL = 0;
				GCC_PREPROCESSOR_DEFINITIONS = (
					"DEBUG=1",
					"$(inherited)",
				);
				GCC_WARN_64_TO_32_BIT_CONVERSION = YES;
				GCC_WARN_ABOUT_RETURN_TYPE = YES_ERROR;
				GCC_WARN_UNDECLARED_SELECTOR = YES;
				GCC_WARN_UNINITIALIZED_AUTOS = YES_AGGRESSIVE;
				GCC_WARN_UNUSED_FUNCTION = YES;
				GCC_WARN_UNUSED_VARIABLE = YES;
				MACOSX_DEPLOYMENT_TARGET = 10.11;
				MTL_ENABLE_DEBUG_INFO = YES;
				ONLY_ACTIVE_ARCH = YES;
				SDKROOT = macosx;
				SWIFT_OPTIMIZATION_LEVEL = "-Onone";
				VERSIONING_SYSTEM = "apple-generic";
				VERSION_INFO_PREFIX = "";
			};
			name = Debug;
		};
		293EE2B31C747CEE0030DFCE /* Release */ = {
			isa = XCBuildConfiguration;
			buildSettings = {
				ALWAYS_SEARCH_USER_PATHS = NO;
				CLANG_CXX_LANGUAGE_STANDARD = "gnu++0x";
				CLANG_CXX_LIBRARY = "libc++";
				CLANG_ENABLE_MODULES = YES;
				CLANG_ENABLE_OBJC_ARC = YES;
				CLANG_WARN_BOOL_CONVERSION = YES;
				CLANG_WARN_CONSTANT_CONVERSION = YES;
				CLANG_WARN_DIRECT_OBJC_ISA_USAGE = YES_ERROR;
				CLANG_WARN_EMPTY_BODY = YES;
				CLANG_WARN_ENUM_CONVERSION = YES;
				CLANG_WARN_INT_CONVERSION = YES;
				CLANG_WARN_OBJC_ROOT_CLASS = YES_ERROR;
				CLANG_WARN_UNREACHABLE_CODE = YES;
				CLANG_WARN__DUPLICATE_METHOD_MATCH = YES;
				CODE_SIGN_IDENTITY = "-";
				COPY_PHASE_STRIP = NO;
				CURRENT_PROJECT_VERSION = 1;
				DEBUG_INFORMATION_FORMAT = "dwarf-with-dsym";
				ENABLE_NS_ASSERTIONS = NO;
				ENABLE_STRICT_OBJC_MSGSEND = YES;
				GCC_C_LANGUAGE_STANDARD = gnu99;
				GCC_NO_COMMON_BLOCKS = YES;
				GCC_WARN_64_TO_32_BIT_CONVERSION = YES;
				GCC_WARN_ABOUT_RETURN_TYPE = YES_ERROR;
				GCC_WARN_UNDECLARED_SELECTOR = YES;
				GCC_WARN_UNINITIALIZED_AUTOS = YES_AGGRESSIVE;
				GCC_WARN_UNUSED_FUNCTION = YES;
				GCC_WARN_UNUSED_VARIABLE = YES;
				MACOSX_DEPLOYMENT_TARGET = 10.11;
				MTL_ENABLE_DEBUG_INFO = NO;
				SDKROOT = macosx;
				VERSIONING_SYSTEM = "apple-generic";
				VERSION_INFO_PREFIX = "";
			};
			name = Release;
		};
		293EE2B51C747CEE0030DFCE /* Debug */ = {
			isa = XCBuildConfiguration;
			buildSettings = {
				CLANG_ENABLE_MODULES = YES;
				COMBINE_HIDPI_IMAGES = YES;
				DEFINES_MODULE = YES;
				DYLIB_COMPATIBILITY_VERSION = 1;
				DYLIB_CURRENT_VERSION = 1;
				DYLIB_INSTALL_NAME_BASE = "@rpath";
				FRAMEWORK_VERSION = A;
				INFOPLIST_FILE = iSwiftCore/Info.plist;
				INSTALL_PATH = "$(LOCAL_LIBRARY_DIR)/Frameworks";
				LD_RUNPATH_SEARCH_PATHS = "$(inherited) @executable_path/../Frameworks @loader_path/Frameworks";
				PRODUCT_BUNDLE_IDENTIFIER = com.Uthoft.iSwiftCore;
				PRODUCT_NAME = "$(TARGET_NAME)";
				SKIP_INSTALL = YES;
				SWIFT_INCLUDE_PATHS = "$(SRCROOT)/iSwiftCore";
				SWIFT_OBJC_BRIDGING_HEADER = "";
				SWIFT_OPTIMIZATION_LEVEL = "-Onone";
			};
			name = Debug;
		};
		293EE2B61C747CEE0030DFCE /* Release */ = {
			isa = XCBuildConfiguration;
			buildSettings = {
				CLANG_ENABLE_MODULES = YES;
				COMBINE_HIDPI_IMAGES = YES;
				DEFINES_MODULE = YES;
				DYLIB_COMPATIBILITY_VERSION = 1;
				DYLIB_CURRENT_VERSION = 1;
				DYLIB_INSTALL_NAME_BASE = "@rpath";
				FRAMEWORK_VERSION = A;
				INFOPLIST_FILE = iSwiftCore/Info.plist;
				INSTALL_PATH = "$(LOCAL_LIBRARY_DIR)/Frameworks";
				LD_RUNPATH_SEARCH_PATHS = "$(inherited) @executable_path/../Frameworks @loader_path/Frameworks";
				PRODUCT_BUNDLE_IDENTIFIER = com.Uthoft.iSwiftCore;
				PRODUCT_NAME = "$(TARGET_NAME)";
				SKIP_INSTALL = YES;
				SWIFT_INCLUDE_PATHS = "$(SRCROOT)/iSwiftCore";
				SWIFT_OBJC_BRIDGING_HEADER = "";
			};
			name = Release;
		};
/* End XCBuildConfiguration section */

/* Begin XCConfigurationList section */
		293EE2A61C747CEE0030DFCE /* Build configuration list for PBXProject "iSwiftCore" */ = {
			isa = XCConfigurationList;
			buildConfigurations = (
				293EE2B21C747CEE0030DFCE /* Debug */,
				293EE2B31C747CEE0030DFCE /* Release */,
			);
			defaultConfigurationIsVisible = 0;
			defaultConfigurationName = Release;
		};
		293EE2B41C747CEE0030DFCE /* Build configuration list for PBXNativeTarget "iSwiftCore" */ = {
			isa = XCConfigurationList;
			buildConfigurations = (
				293EE2B51C747CEE0030DFCE /* Debug */,
				293EE2B61C747CEE0030DFCE /* Release */,
			);
			defaultConfigurationIsVisible = 0;
			defaultConfigurationName = Release;
		};
/* End XCConfigurationList section */
	};
	rootObject = 293EE2A31C747CEE0030DFCE /* Project object */;
}
