// !$*UTF8*$!
{
	archiveVersion = 1;
	classes = {
	};
	objectVersion = 46;
	objects = {

/* Begin PBXBuildFile section */
		293EE2691C747A640030DFCE /* main.m in Sources */ = {isa = PBXBuildFile; fileRef = 293EE2681C747A640030DFCE /* main.m */; };
		293EE27C1C747B4E0030DFCE /* iSwift in CopyFiles */ = {isa = PBXBuildFile; fileRef = 293EE2651C747A640030DFCE /* iSwift */; settings = {ATTRIBUTES = (CodeSignOnCopy, ); }; };
		293EE2E21C7482D50030DFCE /* iSwiftCore.framework in CopyFiles */ = {isa = PBXBuildFile; fileRef = 293EE2BD1C747D200030DFCE /* iSwiftCore.framework */; settings = {ATTRIBUTES = (CodeSignOnCopy, RemoveHeadersOnCopy, ); }; };
		299A78A61C83009F006AE024 /* CommandLine.framework in CopyFiles */ = {isa = PBXBuildFile; fileRef = 299A78881C83006F006AE024 /* CommandLine.framework */; settings = {ATTRIBUTES = (CodeSignOnCopy, RemoveHeadersOnCopy, ); }; };
		29D0586E1D3CAEEF00632ADB /* C7.framework in CopyFiles */ = {isa = PBXBuildFile; fileRef = 29D0586C1D3CAE0400632ADB /* C7.framework */; settings = {ATTRIBUTES = (CodeSignOnCopy, RemoveHeadersOnCopy, ); }; };
		29D0586F1D3CAEEF00632ADB /* ZeroMQ.framework in CopyFiles */ = {isa = PBXBuildFile; fileRef = 29D058691D3CADE600632ADB /* ZeroMQ.framework */; settings = {ATTRIBUTES = (CodeSignOnCopy, RemoveHeadersOnCopy, ); }; };
/* End PBXBuildFile section */

/* Begin PBXContainerItemProxy section */
		293EE2791C747B3A0030DFCE /* PBXContainerItemProxy */ = {
			isa = PBXContainerItemProxy;
			containerPortal = 293EE25D1C747A640030DFCE /* Project object */;
			proxyType = 1;
			remoteGlobalIDString = 293EE2641C747A640030DFCE;
			remoteInfo = iSwift;
		};
		293EE2BC1C747D200030DFCE /* PBXContainerItemProxy */ = {
			isa = PBXContainerItemProxy;
			containerPortal = 293EE2B81C747D200030DFCE /* iSwiftCore.xcodeproj */;
			proxyType = 2;
			remoteGlobalIDString = 293EE2AC1C747CEE0030DFCE;
			remoteInfo = iSwiftCore;
		};
		293EE2E71C7485160030DFCE /* PBXContainerItemProxy */ = {
			isa = PBXContainerItemProxy;
			containerPortal = 293EE2B81C747D200030DFCE /* iSwiftCore.xcodeproj */;
			proxyType = 1;
			remoteGlobalIDString = 293EE2AB1C747CEE0030DFCE;
			remoteInfo = iSwiftCore;
		};
		299A78651C82FFB3006AE024 /* PBXContainerItemProxy */ = {
			isa = PBXContainerItemProxy;
			containerPortal = 299A785B1C82FFB3006AE024 /* Bond.xcodeproj */;
			proxyType = 2;
			remoteGlobalIDString = 69491BAE1A7C217100A13B6B;
			remoteInfo = Bond;
		};
		299A78671C82FFB3006AE024 /* PBXContainerItemProxy */ = {
			isa = PBXContainerItemProxy;
			containerPortal = 299A785B1C82FFB3006AE024 /* Bond.xcodeproj */;
			proxyType = 2;
			remoteGlobalIDString = 69491BB91A7C217100A13B6B;
			remoteInfo = BondTests;
		};
		299A78691C82FFB3006AE024 /* PBXContainerItemProxy */ = {
			isa = PBXContainerItemProxy;
			containerPortal = 299A785B1C82FFB3006AE024 /* Bond.xcodeproj */;
			proxyType = 2;
			remoteGlobalIDString = DCA979691A83C3A100DD4A30;
			remoteInfo = BondOSX;
		};
		299A786B1C82FFB3006AE024 /* PBXContainerItemProxy */ = {
			isa = PBXContainerItemProxy;
			containerPortal = 299A785B1C82FFB3006AE024 /* Bond.xcodeproj */;
			proxyType = 2;
			remoteGlobalIDString = DCA979731A83C3A200DD4A30;
			remoteInfo = BondOSXTests;
		};
		299A786D1C82FFB3006AE024 /* PBXContainerItemProxy */ = {
			isa = PBXContainerItemProxy;
			containerPortal = 299A785B1C82FFB3006AE024 /* Bond.xcodeproj */;
			proxyType = 2;
			remoteGlobalIDString = 03ACB4FE1AB555D6001B3E64;
			remoteInfo = iOSAppForTesting;
		};
		299A786F1C82FFB3006AE024 /* PBXContainerItemProxy */ = {
			isa = PBXContainerItemProxy;
			containerPortal = 299A785B1C82FFB3006AE024 /* Bond.xcodeproj */;
			proxyType = 2;
			remoteGlobalIDString = B56989C21BD8A00C00927A6B;
			remoteInfo = BondtvOS;
		};
		299A78711C82FFB3006AE024 /* PBXContainerItemProxy */ = {
			isa = PBXContainerItemProxy;
			containerPortal = 299A785B1C82FFB3006AE024 /* Bond.xcodeproj */;
			proxyType = 2;
			remoteGlobalIDString = B5616DBB1BD8A39E0016CCB4;
			remoteInfo = tvOSAppForTesting;
		};
		299A78741C82FFCA006AE024 /* PBXContainerItemProxy */ = {
			isa = PBXContainerItemProxy;
			containerPortal = 299A785B1C82FFB3006AE024 /* Bond.xcodeproj */;
			proxyType = 1;
			remoteGlobalIDString = DCA979681A83C3A100DD4A30;
			remoteInfo = BondOSX;
		};
		299A78871C83006F006AE024 /* PBXContainerItemProxy */ = {
			isa = PBXContainerItemProxy;
			containerPortal = 299A78821C83006F006AE024 /* CommandLine.xcodeproj */;
			proxyType = 2;
			remoteGlobalIDString = 5D06884319674D7D00BBFAAC;
			remoteInfo = CommandLine;
		};
		299A78891C83006F006AE024 /* PBXContainerItemProxy */ = {
			isa = PBXContainerItemProxy;
			containerPortal = 299A78821C83006F006AE024 /* CommandLine.xcodeproj */;
			proxyType = 2;
			remoteGlobalIDString = 5D06884E19674D7D00BBFAAC;
			remoteInfo = CommandLineTests;
		};
		299A789D1C830084006AE024 /* PBXContainerItemProxy */ = {
			isa = PBXContainerItemProxy;
			containerPortal = 299A78971C830084006AE024 /* SwiftZMQ.xcodeproj */;
			proxyType = 2;
			remoteGlobalIDString = B00ED9E01BD8A2CD00BBBBAE;
			remoteInfo = SwiftZMQ;
		};
		299A789F1C830084006AE024 /* PBXContainerItemProxy */ = {
			isa = PBXContainerItemProxy;
			containerPortal = 299A78971C830084006AE024 /* SwiftZMQ.xcodeproj */;
			proxyType = 2;
			remoteGlobalIDString = B00ED9EA1BD8A2CD00BBBBAE;
			remoteInfo = SwiftZMQTests;
		};
		299A78A11C830084006AE024 /* PBXContainerItemProxy */ = {
			isa = PBXContainerItemProxy;
			containerPortal = 299A78971C830084006AE024 /* SwiftZMQ.xcodeproj */;
			proxyType = 2;
			remoteGlobalIDString = 539074071C50484E00E8F9C6;
			remoteInfo = SwiftZMQ_iOS;
		};
		299A78A71C8300AD006AE024 /* PBXContainerItemProxy */ = {
			isa = PBXContainerItemProxy;
			containerPortal = 299A78971C830084006AE024 /* SwiftZMQ.xcodeproj */;
			proxyType = 1;
			remoteGlobalIDString = B00ED9DF1BD8A2CD00BBBBAE;
			remoteInfo = SwiftZMQ;
		};
		299A78A91C8300B0006AE024 /* PBXContainerItemProxy */ = {
			isa = PBXContainerItemProxy;
			containerPortal = 299A78821C83006F006AE024 /* CommandLine.xcodeproj */;
			proxyType = 1;
			remoteGlobalIDString = 5D06884219674D7D00BBFAAC;
			remoteInfo = CommandLine;
		};
/* End PBXContainerItemProxy section */

/* Begin PBXCopyFilesBuildPhase section */
		293EE2631C747A640030DFCE /* CopyFiles */ = {
			isa = PBXCopyFilesBuildPhase;
			buildActionMask = 2147483647;
			dstPath = /usr/share/man/man1/;
			dstSubfolderSpec = 0;
			files = (
			);
			runOnlyForDeploymentPostprocessing = 1;
		};
		293EE27B1C747B400030DFCE /* CopyFiles */ = {
			isa = PBXCopyFilesBuildPhase;
			buildActionMask = 2147483647;
			dstPath = "";
			dstSubfolderSpec = 6;
			files = (
				293EE27C1C747B4E0030DFCE /* iSwift in CopyFiles */,
			);
			runOnlyForDeploymentPostprocessing = 0;
		};
		293EE27D1C747B5C0030DFCE /* CopyFiles */ = {
			isa = PBXCopyFilesBuildPhase;
			buildActionMask = 2147483647;
			dstPath = "";
			dstSubfolderSpec = 10;
			files = (
				29D0586E1D3CAEEF00632ADB /* C7.framework in CopyFiles */,
				29D0586F1D3CAEEF00632ADB /* ZeroMQ.framework in CopyFiles */,
				299A78A61C83009F006AE024 /* CommandLine.framework in CopyFiles */,
				293EE2E21C7482D50030DFCE /* iSwiftCore.framework in CopyFiles */,
			);
			runOnlyForDeploymentPostprocessing = 0;
		};
/* End PBXCopyFilesBuildPhase section */

/* Begin PBXFileReference section */
		293EE2651C747A640030DFCE /* iSwift */ = {isa = PBXFileReference; explicitFileType = "compiled.mach-o.executable"; includeInIndex = 0; path = iSwift; sourceTree = BUILT_PRODUCTS_DIR; };
		293EE2681C747A640030DFCE /* main.m */ = {isa = PBXFileReference; lastKnownFileType = sourcecode.c.objc; path = main.m; sourceTree = "<group>"; };
		293EE2731C747AE80030DFCE /* iSwift.bundle */ = {isa = PBXFileReference; explicitFileType = wrapper.cfbundle; includeInIndex = 0; path = iSwift.bundle; sourceTree = BUILT_PRODUCTS_DIR; };
		293EE2751C747AE80030DFCE /* Info.plist */ = {isa = PBXFileReference; lastKnownFileType = text.plist.xml; path = Info.plist; sourceTree = "<group>"; };
		293EE2B81C747D200030DFCE /* iSwiftCore.xcodeproj */ = {isa = PBXFileReference; lastKnownFileType = "wrapper.pb-project"; name = iSwiftCore.xcodeproj; path = iSwiftCore/iSwiftCore.xcodeproj; sourceTree = "<group>"; };
		299A785B1C82FFB3006AE024 /* Bond.xcodeproj */ = {isa = PBXFileReference; lastKnownFileType = "wrapper.pb-project"; name = Bond.xcodeproj; path = External/Bond/Bond.xcodeproj; sourceTree = "<group>"; };
		299A78821C83006F006AE024 /* CommandLine.xcodeproj */ = {isa = PBXFileReference; lastKnownFileType = "wrapper.pb-project"; name = CommandLine.xcodeproj; path = External/CommandLine/CommandLine.xcodeproj; sourceTree = "<group>"; };
		299A78971C830084006AE024 /* SwiftZMQ.xcodeproj */ = {isa = PBXFileReference; lastKnownFileType = "wrapper.pb-project"; name = SwiftZMQ.xcodeproj; path = External/SwiftZMQ/SwiftZMQ.xcodeproj; sourceTree = "<group>"; };
		29D058691D3CADE600632ADB /* ZeroMQ.framework */ = {isa = PBXFileReference; lastKnownFileType = wrapper.framework; name = ZeroMQ.framework; path = "../../../Library/Developer/Xcode/DerivedData/iSwift-exermzducwoqtxgcjhzztxzomjwn/Build/Products/Debug/ZeroMQ.framework"; sourceTree = "<group>"; };
		29D0586C1D3CAE0400632ADB /* C7.framework */ = {isa = PBXFileReference; lastKnownFileType = wrapper.framework; name = C7.framework; path = "../../../Library/Developer/Xcode/DerivedData/iSwift-exermzducwoqtxgcjhzztxzomjwn/Build/Products/Debug/C7.framework"; sourceTree = "<group>"; };
/* End PBXFileReference section */

/* Begin PBXFrameworksBuildPhase section */
		293EE2621C747A640030DFCE /* Frameworks */ = {
			isa = PBXFrameworksBuildPhase;
			buildActionMask = 2147483647;
			files = (
			);
			runOnlyForDeploymentPostprocessing = 0;
		};
		293EE2701C747AE80030DFCE /* Frameworks */ = {
			isa = PBXFrameworksBuildPhase;
			buildActionMask = 2147483647;
			files = (
			);
			runOnlyForDeploymentPostprocessing = 0;
		};
/* End PBXFrameworksBuildPhase section */

/* Begin PBXGroup section */
		293EE25C1C747A640030DFCE = {
			isa = PBXGroup;
			children = (
				29D0586C1D3CAE0400632ADB /* C7.framework */,
				29D058691D3CADE600632ADB /* ZeroMQ.framework */,
				293EE2B71C747D0B0030DFCE /* Frameworks */,
				293EE2671C747A640030DFCE /* iSwift */,
				293EE2741C747AE80030DFCE /* iSwiftBundle */,
				293EE2661C747A640030DFCE /* Products */,
			);
			sourceTree = "<group>";
		};
		293EE2661C747A640030DFCE /* Products */ = {
			isa = PBXGroup;
			children = (
				293EE2651C747A640030DFCE /* iSwift */,
				293EE2731C747AE80030DFCE /* iSwift.bundle */,
			);
			name = Products;
			sourceTree = "<group>";
		};
		293EE2671C747A640030DFCE /* iSwift */ = {
			isa = PBXGroup;
			children = (
				293EE2681C747A640030DFCE /* main.m */,
			);
			path = iSwift;
			sourceTree = "<group>";
		};
		293EE2741C747AE80030DFCE /* iSwiftBundle */ = {
			isa = PBXGroup;
			children = (
				293EE2751C747AE80030DFCE /* Info.plist */,
			);
			path = iSwiftBundle;
			sourceTree = "<group>";
		};
		293EE2B71C747D0B0030DFCE /* Frameworks */ = {
			isa = PBXGroup;
			children = (
				299A78971C830084006AE024 /* SwiftZMQ.xcodeproj */,
				299A78821C83006F006AE024 /* CommandLine.xcodeproj */,
				299A785B1C82FFB3006AE024 /* Bond.xcodeproj */,
				293EE2B81C747D200030DFCE /* iSwiftCore.xcodeproj */,
			);
			name = Frameworks;
			sourceTree = "<group>";
		};
		293EE2B91C747D200030DFCE /* Products */ = {
			isa = PBXGroup;
			children = (
				293EE2BD1C747D200030DFCE /* iSwiftCore.framework */,
			);
			name = Products;
			sourceTree = "<group>";
		};
		299A785C1C82FFB3006AE024 /* Products */ = {
			isa = PBXGroup;
			children = (
				299A78661C82FFB3006AE024 /* Bond.framework */,
				299A78681C82FFB3006AE024 /* BondTests.xctest */,
				299A786A1C82FFB3006AE024 /* Bond.framework */,
				299A786C1C82FFB3006AE024 /* BondOSXTests.xctest */,
				299A786E1C82FFB3006AE024 /* iOSAppForTesting.app */,
				299A78701C82FFB3006AE024 /* Bond.framework */,
				299A78721C82FFB3006AE024 /* tvOSAppForTesting.app */,
			);
			name = Products;
			sourceTree = "<group>";
		};
		299A78831C83006F006AE024 /* Products */ = {
			isa = PBXGroup;
			children = (
				299A78881C83006F006AE024 /* CommandLine.framework */,
				299A788A1C83006F006AE024 /* CommandLineTests.xctest */,
			);
			name = Products;
			sourceTree = "<group>";
		};
		299A78981C830084006AE024 /* Products */ = {
			isa = PBXGroup;
			children = (
				299A789E1C830084006AE024 /* SwiftZMQ.framework */,
				299A78A01C830084006AE024 /* SwiftZMQTests.xctest */,
				299A78A21C830084006AE024 /* SwiftZMQ_iOS.framework */,
			);
			name = Products;
			sourceTree = "<group>";
		};
/* End PBXGroup section */

/* Begin PBXNativeTarget section */
		293EE2641C747A640030DFCE /* iSwift */ = {
			isa = PBXNativeTarget;
			buildConfigurationList = 293EE26C1C747A640030DFCE /* Build configuration list for PBXNativeTarget "iSwift" */;
			buildPhases = (
				293EE2611C747A640030DFCE /* Sources */,
				293EE2621C747A640030DFCE /* Frameworks */,
				293EE2631C747A640030DFCE /* CopyFiles */,
			);
			buildRules = (
			);
			dependencies = (
				299A78AA1C8300B0006AE024 /* PBXTargetDependency */,
				299A78A81C8300AD006AE024 /* PBXTargetDependency */,
				299A78751C82FFCA006AE024 /* PBXTargetDependency */,
				293EE2E81C7485160030DFCE /* PBXTargetDependency */,
			);
			name = iSwift;
			productName = iSwift;
			productReference = 293EE2651C747A640030DFCE /* iSwift */;
			productType = "com.apple.product-type.tool";
		};
		293EE2721C747AE80030DFCE /* iSwiftBundle */ = {
			isa = PBXNativeTarget;
			buildConfigurationList = 293EE2761C747AE80030DFCE /* Build configuration list for PBXNativeTarget "iSwiftBundle" */;
			buildPhases = (
				293EE26F1C747AE80030DFCE /* Sources */,
				293EE2701C747AE80030DFCE /* Frameworks */,
				293EE2711C747AE80030DFCE /* Resources */,
				293EE27B1C747B400030DFCE /* CopyFiles */,
				293EE27D1C747B5C0030DFCE /* CopyFiles */,
			);
			buildRules = (
			);
			dependencies = (
				293EE27A1C747B3A0030DFCE /* PBXTargetDependency */,
			);
			name = iSwiftBundle;
			productName = iSwiftBundle;
			productReference = 293EE2731C747AE80030DFCE /* iSwift.bundle */;
			productType = "com.apple.product-type.bundle";
		};
/* End PBXNativeTarget section */

/* Begin PBXProject section */
		293EE25D1C747A640030DFCE /* Project object */ = {
			isa = PBXProject;
			attributes = {
				LastUpgradeCheck = 0800;
				ORGANIZATIONNAME = Uthoft;
				TargetAttributes = {
					293EE2641C747A640030DFCE = {
						CreatedOnToolsVersion = 7.2;
					};
					293EE2721C747AE80030DFCE = {
						CreatedOnToolsVersion = 7.2;
						LastSwiftMigration = 0800;
					};
				};
			};
			buildConfigurationList = 293EE2601C747A640030DFCE /* Build configuration list for PBXProject "iSwift" */;
			compatibilityVersion = "Xcode 3.2";
			developmentRegion = English;
			hasScannedForEncodings = 0;
			knownRegions = (
				en,
			);
			mainGroup = 293EE25C1C747A640030DFCE;
			productRefGroup = 293EE2661C747A640030DFCE /* Products */;
			projectDirPath = "";
			projectReferences = (
				{
					ProductGroup = 299A785C1C82FFB3006AE024 /* Products */;
					ProjectRef = 299A785B1C82FFB3006AE024 /* Bond.xcodeproj */;
				},
				{
					ProductGroup = 299A78831C83006F006AE024 /* Products */;
					ProjectRef = 299A78821C83006F006AE024 /* CommandLine.xcodeproj */;
				},
				{
					ProductGroup = 293EE2B91C747D200030DFCE /* Products */;
					ProjectRef = 293EE2B81C747D200030DFCE /* iSwiftCore.xcodeproj */;
				},
				{
					ProductGroup = 299A78981C830084006AE024 /* Products */;
					ProjectRef = 299A78971C830084006AE024 /* SwiftZMQ.xcodeproj */;
				},
			);
			projectRoot = "";
			targets = (
				293EE2641C747A640030DFCE /* iSwift */,
				293EE2721C747AE80030DFCE /* iSwiftBundle */,
			);
		};
/* End PBXProject section */

/* Begin PBXReferenceProxy section */
		293EE2BD1C747D200030DFCE /* iSwiftCore.framework */ = {
			isa = PBXReferenceProxy;
			fileType = wrapper.framework;
			path = iSwiftCore.framework;
			remoteRef = 293EE2BC1C747D200030DFCE /* PBXContainerItemProxy */;
			sourceTree = BUILT_PRODUCTS_DIR;
		};
		299A78661C82FFB3006AE024 /* Bond.framework */ = {
			isa = PBXReferenceProxy;
			fileType = wrapper.framework;
			path = Bond.framework;
			remoteRef = 299A78651C82FFB3006AE024 /* PBXContainerItemProxy */;
			sourceTree = BUILT_PRODUCTS_DIR;
		};
		299A78681C82FFB3006AE024 /* BondTests.xctest */ = {
			isa = PBXReferenceProxy;
			fileType = wrapper.cfbundle;
			path = BondTests.xctest;
			remoteRef = 299A78671C82FFB3006AE024 /* PBXContainerItemProxy */;
			sourceTree = BUILT_PRODUCTS_DIR;
		};
		299A786A1C82FFB3006AE024 /* Bond.framework */ = {
			isa = PBXReferenceProxy;
			fileType = wrapper.framework;
			path = Bond.framework;
			remoteRef = 299A78691C82FFB3006AE024 /* PBXContainerItemProxy */;
			sourceTree = BUILT_PRODUCTS_DIR;
		};
		299A786C1C82FFB3006AE024 /* BondOSXTests.xctest */ = {
			isa = PBXReferenceProxy;
			fileType = wrapper.cfbundle;
			path = BondOSXTests.xctest;
			remoteRef = 299A786B1C82FFB3006AE024 /* PBXContainerItemProxy */;
			sourceTree = BUILT_PRODUCTS_DIR;
		};
		299A786E1C82FFB3006AE024 /* iOSAppForTesting.app */ = {
			isa = PBXReferenceProxy;
			fileType = wrapper.application;
			path = iOSAppForTesting.app;
			remoteRef = 299A786D1C82FFB3006AE024 /* PBXContainerItemProxy */;
			sourceTree = BUILT_PRODUCTS_DIR;
		};
		299A78701C82FFB3006AE024 /* Bond.framework */ = {
			isa = PBXReferenceProxy;
			fileType = wrapper.framework;
			path = Bond.framework;
			remoteRef = 299A786F1C82FFB3006AE024 /* PBXContainerItemProxy */;
			sourceTree = BUILT_PRODUCTS_DIR;
		};
		299A78721C82FFB3006AE024 /* tvOSAppForTesting.app */ = {
			isa = PBXReferenceProxy;
			fileType = wrapper.application;
			path = tvOSAppForTesting.app;
			remoteRef = 299A78711C82FFB3006AE024 /* PBXContainerItemProxy */;
			sourceTree = BUILT_PRODUCTS_DIR;
		};
		299A78881C83006F006AE024 /* CommandLine.framework */ = {
			isa = PBXReferenceProxy;
			fileType = wrapper.framework;
			path = CommandLine.framework;
			remoteRef = 299A78871C83006F006AE024 /* PBXContainerItemProxy */;
			sourceTree = BUILT_PRODUCTS_DIR;
		};
		299A788A1C83006F006AE024 /* CommandLineTests.xctest */ = {
			isa = PBXReferenceProxy;
			fileType = wrapper.cfbundle;
			path = CommandLineTests.xctest;
			remoteRef = 299A78891C83006F006AE024 /* PBXContainerItemProxy */;
			sourceTree = BUILT_PRODUCTS_DIR;
		};
		299A789E1C830084006AE024 /* SwiftZMQ.framework */ = {
			isa = PBXReferenceProxy;
			fileType = wrapper.framework;
			path = SwiftZMQ.framework;
			remoteRef = 299A789D1C830084006AE024 /* PBXContainerItemProxy */;
			sourceTree = BUILT_PRODUCTS_DIR;
		};
		299A78A01C830084006AE024 /* SwiftZMQTests.xctest */ = {
			isa = PBXReferenceProxy;
			fileType = wrapper.cfbundle;
			path = SwiftZMQTests.xctest;
			remoteRef = 299A789F1C830084006AE024 /* PBXContainerItemProxy */;
			sourceTree = BUILT_PRODUCTS_DIR;
		};
		299A78A21C830084006AE024 /* SwiftZMQ_iOS.framework */ = {
			isa = PBXReferenceProxy;
			fileType = wrapper.framework;
			path = SwiftZMQ_iOS.framework;
			remoteRef = 299A78A11C830084006AE024 /* PBXContainerItemProxy */;
			sourceTree = BUILT_PRODUCTS_DIR;
		};
/* End PBXReferenceProxy section */

/* Begin PBXResourcesBuildPhase section */
		293EE2711C747AE80030DFCE /* Resources */ = {
			isa = PBXResourcesBuildPhase;
			buildActionMask = 2147483647;
			files = (
			);
			runOnlyForDeploymentPostprocessing = 0;
		};
/* End PBXResourcesBuildPhase section */

/* Begin PBXSourcesBuildPhase section */
		293EE2611C747A640030DFCE /* Sources */ = {
			isa = PBXSourcesBuildPhase;
			buildActionMask = 2147483647;
			files = (
				293EE2691C747A640030DFCE /* main.m in Sources */,
			);
			runOnlyForDeploymentPostprocessing = 0;
		};
		293EE26F1C747AE80030DFCE /* Sources */ = {
			isa = PBXSourcesBuildPhase;
			buildActionMask = 2147483647;
			files = (
			);
			runOnlyForDeploymentPostprocessing = 0;
		};
/* End PBXSourcesBuildPhase section */

/* Begin PBXTargetDependency section */
		293EE27A1C747B3A0030DFCE /* PBXTargetDependency */ = {
			isa = PBXTargetDependency;
			target = 293EE2641C747A640030DFCE /* iSwift */;
			targetProxy = 293EE2791C747B3A0030DFCE /* PBXContainerItemProxy */;
		};
		293EE2E81C7485160030DFCE /* PBXTargetDependency */ = {
			isa = PBXTargetDependency;
			name = iSwiftCore;
			targetProxy = 293EE2E71C7485160030DFCE /* PBXContainerItemProxy */;
		};
		299A78751C82FFCA006AE024 /* PBXTargetDependency */ = {
			isa = PBXTargetDependency;
			name = BondOSX;
			targetProxy = 299A78741C82FFCA006AE024 /* PBXContainerItemProxy */;
		};
		299A78A81C8300AD006AE024 /* PBXTargetDependency */ = {
			isa = PBXTargetDependency;
			name = SwiftZMQ;
			targetProxy = 299A78A71C8300AD006AE024 /* PBXContainerItemProxy */;
		};
		299A78AA1C8300B0006AE024 /* PBXTargetDependency */ = {
			isa = PBXTargetDependency;
			name = CommandLine;
			targetProxy = 299A78A91C8300B0006AE024 /* PBXContainerItemProxy */;
		};
/* End PBXTargetDependency section */

/* Begin XCBuildConfiguration section */
		293EE26A1C747A640030DFCE /* Debug */ = {
			isa = XCBuildConfiguration;
			buildSettings = {
				ALWAYS_SEARCH_USER_PATHS = NO;
				CLANG_CXX_LANGUAGE_STANDARD = "gnu++0x";
				CLANG_CXX_LIBRARY = "libc++";
				CLANG_ENABLE_MODULES = YES;
				CLANG_ENABLE_OBJC_ARC = YES;
				CLANG_WARN_BOOL_CONVERSION = YES;
				CLANG_WARN_CONSTANT_CONVERSION = YES;
				CLANG_WARN_DIRECT_OBJC_ISA_USAGE = YES_ERROR;
				CLANG_WARN_EMPTY_BODY = YES;
				CLANG_WARN_ENUM_CONVERSION = YES;
				CLANG_WARN_INT_CONVERSION = YES;
				CLANG_WARN_OBJC_ROOT_CLASS = YES_ERROR;
				CLANG_WARN_UNREACHABLE_CODE = YES;
				CLANG_WARN__DUPLICATE_METHOD_MATCH = YES;
				CODE_SIGN_IDENTITY = "-";
				COPY_PHASE_STRIP = NO;
				DEBUG_INFORMATION_FORMAT = dwarf;
				ENABLE_STRICT_OBJC_MSGSEND = YES;
				ENABLE_TESTABILITY = YES;
				GCC_C_LANGUAGE_STANDARD = gnu99;
				GCC_DYNAMIC_NO_PIC = NO;
				GCC_NO_COMMON_BLOCKS = YES;
				GCC_OPTIMIZATION_LEVEL = 0;
				GCC_PREPROCESSOR_DEFINITIONS = (
					"DEBUG=1",
					"$(inherited)",
				);
				GCC_WARN_64_TO_32_BIT_CONVERSION = YES;
				GCC_WARN_ABOUT_RETURN_TYPE = YES_ERROR;
				GCC_WARN_UNDECLARED_SELECTOR = YES;
				GCC_WARN_UNINITIALIZED_AUTOS = YES_AGGRESSIVE;
				GCC_WARN_UNUSED_FUNCTION = YES;
				GCC_WARN_UNUSED_VARIABLE = YES;
				MACOSX_DEPLOYMENT_TARGET = 10.11;
				MTL_ENABLE_DEBUG_INFO = YES;
				ONLY_ACTIVE_ARCH = YES;
				SDKROOT = macosx;
			};
			name = Debug;
		};
		293EE26B1C747A640030DFCE /* Release */ = {
			isa = XCBuildConfiguration;
			buildSettings = {
				ALWAYS_SEARCH_USER_PATHS = NO;
				CLANG_CXX_LANGUAGE_STANDARD = "gnu++0x";
				CLANG_CXX_LIBRARY = "libc++";
				CLANG_ENABLE_MODULES = YES;
				CLANG_ENABLE_OBJC_ARC = YES;
				CLANG_WARN_BOOL_CONVERSION = YES;
				CLANG_WARN_CONSTANT_CONVERSION = YES;
				CLANG_WARN_DIRECT_OBJC_ISA_USAGE = YES_ERROR;
				CLANG_WARN_EMPTY_BODY = YES;
				CLANG_WARN_ENUM_CONVERSION = YES;
				CLANG_WARN_INT_CONVERSION = YES;
				CLANG_WARN_OBJC_ROOT_CLASS = YES_ERROR;
				CLANG_WARN_UNREACHABLE_CODE = YES;
				CLANG_WARN__DUPLICATE_METHOD_MATCH = YES;
				CODE_SIGN_IDENTITY = "-";
				COPY_PHASE_STRIP = NO;
				DEBUG_INFORMATION_FORMAT = "dwarf-with-dsym";
				ENABLE_NS_ASSERTIONS = NO;
				ENABLE_STRICT_OBJC_MSGSEND = YES;
				GCC_C_LANGUAGE_STANDARD = gnu99;
				GCC_NO_COMMON_BLOCKS = YES;
				GCC_WARN_64_TO_32_BIT_CONVERSION = YES;
				GCC_WARN_ABOUT_RETURN_TYPE = YES_ERROR;
				GCC_WARN_UNDECLARED_SELECTOR = YES;
				GCC_WARN_UNINITIALIZED_AUTOS = YES_AGGRESSIVE;
				GCC_WARN_UNUSED_FUNCTION = YES;
				GCC_WARN_UNUSED_VARIABLE = YES;
				MACOSX_DEPLOYMENT_TARGET = 10.11;
				MTL_ENABLE_DEBUG_INFO = NO;
				SDKROOT = macosx;
			};
			name = Release;
		};
		293EE26D1C747A640030DFCE /* Debug */ = {
			isa = XCBuildConfiguration;
			buildSettings = {
				LD_RUNPATH_SEARCH_PATHS = "$(inherited) @executable_path/../Frameworks @executable_path/$(PRODUCT_NAME).bundle/Contents/Frameworks";
				PRODUCT_NAME = "$(TARGET_NAME)";
			};
			name = Debug;
		};
		293EE26E1C747A640030DFCE /* Release */ = {
			isa = XCBuildConfiguration;
			buildSettings = {
				LD_RUNPATH_SEARCH_PATHS = "$(inherited) @executable_path/../Frameworks";
				PRODUCT_NAME = "$(TARGET_NAME)";
			};
			name = Release;
		};
		293EE2771C747AE80030DFCE /* Debug */ = {
			isa = XCBuildConfiguration;
			buildSettings = {
				ALWAYS_EMBED_SWIFT_STANDARD_LIBRARIES = YES;
				COMBINE_HIDPI_IMAGES = YES;
				INFOPLIST_FILE = iSwiftBundle/Info.plist;
				INSTALL_PATH = "$(LOCAL_LIBRARY_DIR)/Bundles";
				PRODUCT_BUNDLE_IDENTIFIER = com.Uthoft.iSwiftBundle;
				PRODUCT_NAME = iSwift;
				SKIP_INSTALL = YES;
				SWIFT_VERSION = 3.0;
				WRAPPER_EXTENSION = bundle;
			};
			name = Debug;
		};
		293EE2781C747AE80030DFCE /* Release */ = {
			isa = XCBuildConfiguration;
			buildSettings = {
				ALWAYS_EMBED_SWIFT_STANDARD_LIBRARIES = YES;
				COMBINE_HIDPI_IMAGES = YES;
				INFOPLIST_FILE = iSwiftBundle/Info.plist;
				INSTALL_PATH = "$(LOCAL_LIBRARY_DIR)/Bundles";
				PRODUCT_BUNDLE_IDENTIFIER = com.Uthoft.iSwiftBundle;
				PRODUCT_NAME = iSwift;
				SKIP_INSTALL = YES;
				SWIFT_VERSION = 3.0;
				WRAPPER_EXTENSION = bundle;
			};
			name = Release;
		};
/* End XCBuildConfiguration section */

/* Begin XCConfigurationList section */
		293EE2601C747A640030DFCE /* Build configuration list for PBXProject "iSwift" */ = {
			isa = XCConfigurationList;
			buildConfigurations = (
				293EE26A1C747A640030DFCE /* Debug */,
				293EE26B1C747A640030DFCE /* Release */,
			);
			defaultConfigurationIsVisible = 0;
			defaultConfigurationName = Release;
		};
		293EE26C1C747A640030DFCE /* Build configuration list for PBXNativeTarget "iSwift" */ = {
			isa = XCConfigurationList;
			buildConfigurations = (
				293EE26D1C747A640030DFCE /* Debug */,
				293EE26E1C747A640030DFCE /* Release */,
			);
			defaultConfigurationIsVisible = 0;
			defaultConfigurationName = Release;
		};
		293EE2761C747AE80030DFCE /* Build configuration list for PBXNativeTarget "iSwiftBundle" */ = {
			isa = XCConfigurationList;
			buildConfigurations = (
				293EE2771C747AE80030DFCE /* Debug */,
				293EE2781C747AE80030DFCE /* Release */,
			);
			defaultConfigurationIsVisible = 0;
			defaultConfigurationName = Release;
		};
/* End XCConfigurationList section */
	};
	rootObject = 293EE25D1C747A640030DFCE /* Project object */;
}
